
Microsoft Visual Studio Solution File, Format Version 12.00
# Visual Studio Version 17
VisualStudioVersion = 17.12.35514.174 d17.12
MinimumVisualStudioVersion = 10.0.40219.1
Project("{FAE04EC0-301F-11D3-BF4B-00C04F79EFBC}") = "TicTacToe", "TicTacToe\TicTacToe.csproj", "{DF4D7959-2CF3-4880-8F9C-34E5EDB41848}"
EndProject
Project("{FAE04EC0-301F-11D3-BF4B-00C04F79EFBC}") = "TicTacToeTests", "TicTacToeTests\TicTacToeTests.csproj", "{2528A38C-F08C-442B-83D4-445C81B33F2E}"
EndProject
Global
	GlobalSection(SolutionConfigurationPlatforms) = preSolution
		Debug|Any CPU = Debug|Any CPU
		Release|Any CPU = Release|Any CPU
	EndGlobalSection
	GlobalSection(ProjectConfigurationPlatforms) = postSolution
		{DF4D7959-2CF3-4880-8F9C-34E5EDB41848}.Debug|Any CPU.ActiveCfg = Debug|Any CPU
		{DF4D7959-2CF3-4880-8F9C-34E5EDB41848}.Debug|Any CPU.Build.0 = Debug|Any CPU
		{DF4D7959-2CF3-4880-8F9C-34E5EDB41848}.Release|Any CPU.ActiveCfg = Release|Any CPU
		{DF4D7959-2CF3-4880-8F9C-34E5EDB41848}.Release|Any CPU.Build.0 = Release|Any CPU
		{2528A38C-F08C-442B-83D4-445C81B33F2E}.Debug|Any CPU.ActiveCfg = Debug|Any CPU
		{2528A38C-F08C-442B-83D4-445C81B33F2E}.Debug|Any CPU.Build.0 = Debug|Any CPU
		{2528A38C-F08C-442B-83D4-445C81B33F2E}.Release|Any CPU.ActiveCfg = Release|Any CPU
		{2528A38C-F08C-442B-83D4-445C81B33F2E}.Release|Any CPU.Build.0 = Release|Any CPU
	EndGlobalSection
	GlobalSection(SolutionProperties) = preSolution
		HideSolutionNode = FALSE
	EndGlobalSection
EndGlobal
